// !$*UTF8*$!
{
	archiveVersion = 1;
	classes = {
	};
	objectVersion = 46;
	objects = {

/* Begin PBXBuildFile section */
		2B3D5CF01F5154200009ACCA /* AppDelegate.swift in Sources */ = {isa = PBXBuildFile; fileRef = 2B3D5CEF1F5154200009ACCA /* AppDelegate.swift */; };
		2B3D5CF21F5154200009ACCA /* ViewController.swift in Sources */ = {isa = PBXBuildFile; fileRef = 2B3D5CF11F5154200009ACCA /* ViewController.swift */; };
		2B3D5CF51F5154200009ACCA /* Main.storyboard in Resources */ = {isa = PBXBuildFile; fileRef = 2B3D5CF31F5154200009ACCA /* Main.storyboard */; };
		2B3D5CF71F5154200009ACCA /* Assets.xcassets in Resources */ = {isa = PBXBuildFile; fileRef = 2B3D5CF61F5154200009ACCA /* Assets.xcassets */; };
		2B3D5CFA1F5154200009ACCA /* LaunchScreen.storyboard in Resources */ = {isa = PBXBuildFile; fileRef = 2B3D5CF81F5154200009ACCA /* LaunchScreen.storyboard */; };
		2B3D5D051F5154200009ACCA /* HPShowCaseTests.swift in Sources */ = {isa = PBXBuildFile; fileRef = 2B3D5D041F5154200009ACCA /* HPShowCaseTests.swift */; };
		2B3D5D101F5154200009ACCA /* HPShowCaseUITests.swift in Sources */ = {isa = PBXBuildFile; fileRef = 2B3D5D0F1F5154200009ACCA /* HPShowCaseUITests.swift */; };
		2B3D5D1E1F5154670009ACCA /* ShowcaseController.swift in Sources */ = {isa = PBXBuildFile; fileRef = 2B3D5D1D1F5154670009ACCA /* ShowcaseController.swift */; };
		2B3D5D201F5154B10009ACCA /* TASubtractionPath.swift in Sources */ = {isa = PBXBuildFile; fileRef = 2B3D5D1F1F5154B10009ACCA /* TASubtractionPath.swift */; };
		2B3D5D221F5154C90009ACCA /* TAOverlayView.swift in Sources */ = {isa = PBXBuildFile; fileRef = 2B3D5D211F5154C90009ACCA /* TAOverlayView.swift */; };
		2B3D5D241F5155B60009ACCA /* UIImage+HPShowcase.swift in Sources */ = {isa = PBXBuildFile; fileRef = 2B3D5D231F5155B60009ACCA /* UIImage+HPShowcase.swift */; };
/* End PBXBuildFile section */

/* Begin PBXContainerItemProxy section */
		2B3D5D011F5154200009ACCA /* PBXContainerItemProxy */ = {
			isa = PBXContainerItemProxy;
			containerPortal = 2B3D5CE41F5154200009ACCA /* Project object */;
			proxyType = 1;
			remoteGlobalIDString = 2B3D5CEB1F5154200009ACCA;
			remoteInfo = HPShowCase;
		};
		2B3D5D0C1F5154200009ACCA /* PBXContainerItemProxy */ = {
			isa = PBXContainerItemProxy;
			containerPortal = 2B3D5CE41F5154200009ACCA /* Project object */;
			proxyType = 1;
			remoteGlobalIDString = 2B3D5CEB1F5154200009ACCA;
			remoteInfo = HPShowCase;
		};
/* End PBXContainerItemProxy section */

/* Begin PBXFileReference section */
		2B3D5CEC1F5154200009ACCA /* HPShowCase.app */ = {isa = PBXFileReference; explicitFileType = wrapper.application; includeInIndex = 0; path = HPShowCase.app; sourceTree = BUILT_PRODUCTS_DIR; };
		2B3D5CEF1F5154200009ACCA /* AppDelegate.swift */ = {isa = PBXFileReference; lastKnownFileType = sourcecode.swift; path = AppDelegate.swift; sourceTree = "<group>"; };
		2B3D5CF11F5154200009ACCA /* ViewController.swift */ = {isa = PBXFileReference; lastKnownFileType = sourcecode.swift; path = ViewController.swift; sourceTree = "<group>"; };
		2B3D5CF41F5154200009ACCA /* Base */ = {isa = PBXFileReference; lastKnownFileType = file.storyboard; name = Base; path = Base.lproj/Main.storyboard; sourceTree = "<group>"; };
		2B3D5CF61F5154200009ACCA /* Assets.xcassets */ = {isa = PBXFileReference; lastKnownFileType = folder.assetcatalog; path = Assets.xcassets; sourceTree = "<group>"; };
		2B3D5CF91F5154200009ACCA /* Base */ = {isa = PBXFileReference; lastKnownFileType = file.storyboard; name = Base; path = Base.lproj/LaunchScreen.storyboard; sourceTree = "<group>"; };
		2B3D5CFB1F5154200009ACCA /* Info.plist */ = {isa = PBXFileReference; lastKnownFileType = text.plist.xml; path = Info.plist; sourceTree = "<group>"; };
		2B3D5D001F5154200009ACCA /* HPShowCaseTests.xctest */ = {isa = PBXFileReference; explicitFileType = wrapper.cfbundle; includeInIndex = 0; path = HPShowCaseTests.xctest; sourceTree = BUILT_PRODUCTS_DIR; };
		2B3D5D041F5154200009ACCA /* HPShowCaseTests.swift */ = {isa = PBXFileReference; lastKnownFileType = sourcecode.swift; path = HPShowCaseTests.swift; sourceTree = "<group>"; };
		2B3D5D061F5154200009ACCA /* Info.plist */ = {isa = PBXFileReference; lastKnownFileType = text.plist.xml; path = Info.plist; sourceTree = "<group>"; };
		2B3D5D0B1F5154200009ACCA /* HPShowCaseUITests.xctest */ = {isa = PBXFileReference; explicitFileType = wrapper.cfbundle; includeInIndex = 0; path = HPShowCaseUITests.xctest; sourceTree = BUILT_PRODUCTS_DIR; };
		2B3D5D0F1F5154200009ACCA /* HPShowCaseUITests.swift */ = {isa = PBXFileReference; lastKnownFileType = sourcecode.swift; path = HPShowCaseUITests.swift; sourceTree = "<group>"; };
		2B3D5D111F5154210009ACCA /* Info.plist */ = {isa = PBXFileReference; lastKnownFileType = text.plist.xml; path = Info.plist; sourceTree = "<group>"; };
		2B3D5D1D1F5154670009ACCA /* ShowcaseController.swift */ = {isa = PBXFileReference; fileEncoding = 4; lastKnownFileType = sourcecode.swift; path = ShowcaseController.swift; sourceTree = "<group>"; };
		2B3D5D1F1F5154B10009ACCA /* TASubtractionPath.swift */ = {isa = PBXFileReference; fileEncoding = 4; lastKnownFileType = sourcecode.swift; path = TASubtractionPath.swift; sourceTree = "<group>"; };
		2B3D5D211F5154C90009ACCA /* TAOverlayView.swift */ = {isa = PBXFileReference; fileEncoding = 4; lastKnownFileType = sourcecode.swift; path = TAOverlayView.swift; sourceTree = "<group>"; };
		2B3D5D231F5155B60009ACCA /* UIImage+HPShowcase.swift */ = {isa = PBXFileReference; fileEncoding = 4; lastKnownFileType = sourcecode.swift; path = "UIImage+HPShowcase.swift"; sourceTree = "<group>"; };
/* End PBXFileReference section */

/* Begin PBXFrameworksBuildPhase section */
		2B3D5CE91F5154200009ACCA /* Frameworks */ = {
			isa = PBXFrameworksBuildPhase;
			buildActionMask = 2147483647;
			files = (
			);
			runOnlyForDeploymentPostprocessing = 0;
		};
		2B3D5CFD1F5154200009ACCA /* Frameworks */ = {
			isa = PBXFrameworksBuildPhase;
			buildActionMask = 2147483647;
			files = (
			);
			runOnlyForDeploymentPostprocessing = 0;
		};
		2B3D5D081F5154200009ACCA /* Frameworks */ = {
			isa = PBXFrameworksBuildPhase;
			buildActionMask = 2147483647;
			files = (
			);
			runOnlyForDeploymentPostprocessing = 0;
		};
/* End PBXFrameworksBuildPhase section */

/* Begin PBXGroup section */
		2B3D5CE31F5154200009ACCA = {
			isa = PBXGroup;
			children = (
				2B3D5CEE1F5154200009ACCA /* HPShowCase */,
				2B3D5D031F5154200009ACCA /* HPShowCaseTests */,
				2B3D5D0E1F5154200009ACCA /* HPShowCaseUITests */,
				2B3D5CED1F5154200009ACCA /* Products */,
			);
			sourceTree = "<group>";
		};
		2B3D5CED1F5154200009ACCA /* Products */ = {
			isa = PBXGroup;
			children = (
				2B3D5CEC1F5154200009ACCA /* HPShowCase.app */,
				2B3D5D001F5154200009ACCA /* HPShowCaseTests.xctest */,
				2B3D5D0B1F5154200009ACCA /* HPShowCaseUITests.xctest */,
			);
			name = Products;
			sourceTree = "<group>";
		};
		2B3D5CEE1F5154200009ACCA /* HPShowCase */ = {
			isa = PBXGroup;
			children = (
				2B3D5CEF1F5154200009ACCA /* AppDelegate.swift */,
				2B3D5CF11F5154200009ACCA /* ViewController.swift */,
				2B3D5CF31F5154200009ACCA /* Main.storyboard */,
				2B3D5CF61F5154200009ACCA /* Assets.xcassets */,
				2B3D5CF81F5154200009ACCA /* LaunchScreen.storyboard */,
				2B3D5CFB1F5154200009ACCA /* Info.plist */,
				2B3D5D1D1F5154670009ACCA /* ShowcaseController.swift */,
				2B3D5D1F1F5154B10009ACCA /* TASubtractionPath.swift */,
				2B3D5D211F5154C90009ACCA /* TAOverlayView.swift */,
				2B3D5D231F5155B60009ACCA /* UIImage+HPShowcase.swift */,
			);
			path = HPShowCase;
			sourceTree = "<group>";
		};
		2B3D5D031F5154200009ACCA /* HPShowCaseTests */ = {
			isa = PBXGroup;
			children = (
				2B3D5D041F5154200009ACCA /* HPShowCaseTests.swift */,
				2B3D5D061F5154200009ACCA /* Info.plist */,
			);
			path = HPShowCaseTests;
			sourceTree = "<group>";
		};
		2B3D5D0E1F5154200009ACCA /* HPShowCaseUITests */ = {
			isa = PBXGroup;
			children = (
				2B3D5D0F1F5154200009ACCA /* HPShowCaseUITests.swift */,
				2B3D5D111F5154210009ACCA /* Info.plist */,
			);
			path = HPShowCaseUITests;
			sourceTree = "<group>";
		};
/* End PBXGroup section */

/* Begin PBXNativeTarget section */
		2B3D5CEB1F5154200009ACCA /* HPShowCase */ = {
			isa = PBXNativeTarget;
			buildConfigurationList = 2B3D5D141F5154210009ACCA /* Build configuration list for PBXNativeTarget "HPShowCase" */;
			buildPhases = (
				2B3D5CE81F5154200009ACCA /* Sources */,
				2B3D5CE91F5154200009ACCA /* Frameworks */,
				2B3D5CEA1F5154200009ACCA /* Resources */,
			);
			buildRules = (
			);
			dependencies = (
			);
			name = HPShowCase;
			productName = HPShowCase;
			productReference = 2B3D5CEC1F5154200009ACCA /* HPShowCase.app */;
			productType = "com.apple.product-type.application";
		};
		2B3D5CFF1F5154200009ACCA /* HPShowCaseTests */ = {
			isa = PBXNativeTarget;
			buildConfigurationList = 2B3D5D171F5154210009ACCA /* Build configuration list for PBXNativeTarget "HPShowCaseTests" */;
			buildPhases = (
				2B3D5CFC1F5154200009ACCA /* Sources */,
				2B3D5CFD1F5154200009ACCA /* Frameworks */,
				2B3D5CFE1F5154200009ACCA /* Resources */,
			);
			buildRules = (
			);
			dependencies = (
				2B3D5D021F5154200009ACCA /* PBXTargetDependency */,
			);
			name = HPShowCaseTests;
			productName = HPShowCaseTests;
			productReference = 2B3D5D001F5154200009ACCA /* HPShowCaseTests.xctest */;
			productType = "com.apple.product-type.bundle.unit-test";
		};
		2B3D5D0A1F5154200009ACCA /* HPShowCaseUITests */ = {
			isa = PBXNativeTarget;
			buildConfigurationList = 2B3D5D1A1F5154210009ACCA /* Build configuration list for PBXNativeTarget "HPShowCaseUITests" */;
			buildPhases = (
				2B3D5D071F5154200009ACCA /* Sources */,
				2B3D5D081F5154200009ACCA /* Frameworks */,
				2B3D5D091F5154200009ACCA /* Resources */,
			);
			buildRules = (
			);
			dependencies = (
				2B3D5D0D1F5154200009ACCA /* PBXTargetDependency */,
			);
			name = HPShowCaseUITests;
			productName = HPShowCaseUITests;
			productReference = 2B3D5D0B1F5154200009ACCA /* HPShowCaseUITests.xctest */;
			productType = "com.apple.product-type.bundle.ui-testing";
		};
/* End PBXNativeTarget section */

/* Begin PBXProject section */
		2B3D5CE41F5154200009ACCA /* Project object */ = {
			isa = PBXProject;
			attributes = {
				LastSwiftUpdateCheck = 0820;
				LastUpgradeCheck = 0820;
				ORGANIZATIONNAME = "Arash Farahani";
				TargetAttributes = {
					2B3D5CEB1F5154200009ACCA = {
						CreatedOnToolsVersion = 8.2;
						DevelopmentTeam = 5VNM7EX62C;
						ProvisioningStyle = Automatic;
					};
					2B3D5CFF1F5154200009ACCA = {
						CreatedOnToolsVersion = 8.2;
						DevelopmentTeam = 5VNM7EX62C;
						ProvisioningStyle = Automatic;
						TestTargetID = 2B3D5CEB1F5154200009ACCA;
					};
					2B3D5D0A1F5154200009ACCA = {
						CreatedOnToolsVersion = 8.2;
						DevelopmentTeam = 5VNM7EX62C;
						ProvisioningStyle = Automatic;
						TestTargetID = 2B3D5CEB1F5154200009ACCA;
					};
				};
			};
			buildConfigurationList = 2B3D5CE71F5154200009ACCA /* Build configuration list for PBXProject "HPShowCase" */;
			compatibilityVersion = "Xcode 3.2";
			developmentRegion = English;
			hasScannedForEncodings = 0;
			knownRegions = (
				en,
				Base,
			);
			mainGroup = 2B3D5CE31F5154200009ACCA;
			productRefGroup = 2B3D5CED1F5154200009ACCA /* Products */;
			projectDirPath = "";
			projectRoot = "";
			targets = (
				2B3D5CEB1F5154200009ACCA /* HPShowCase */,
				2B3D5CFF1F5154200009ACCA /* HPShowCaseTests */,
				2B3D5D0A1F5154200009ACCA /* HPShowCaseUITests */,
			);
		};
/* End PBXProject section */

/* Begin PBXResourcesBuildPhase section */
		2B3D5CEA1F5154200009ACCA /* Resources */ = {
			isa = PBXResourcesBuildPhase;
			buildActionMask = 2147483647;
			files = (
				2B3D5CFA1F5154200009ACCA /* LaunchScreen.storyboard in Resources */,
				2B3D5CF71F5154200009ACCA /* Assets.xcassets in Resources */,
				2B3D5CF51F5154200009ACCA /* Main.storyboard in Resources */,
			);
			runOnlyForDeploymentPostprocessing = 0;
		};
		2B3D5CFE1F5154200009ACCA /* Resources */ = {
			isa = PBXResourcesBuildPhase;
			buildActionMask = 2147483647;
			files = (
			);
			runOnlyForDeploymentPostprocessing = 0;
		};
		2B3D5D091F5154200009ACCA /* Resources */ = {
			isa = PBXResourcesBuildPhase;
			buildActionMask = 2147483647;
			files = (
			);
			runOnlyForDeploymentPostprocessing = 0;
		};
/* End PBXResourcesBuildPhase section */

/* Begin PBXSourcesBuildPhase section */
		2B3D5CE81F5154200009ACCA /* Sources */ = {
			isa = PBXSourcesBuildPhase;
			buildActionMask = 2147483647;
			files = (
				2B3D5D1E1F5154670009ACCA /* ShowcaseController.swift in Sources */,
				2B3D5CF21F5154200009ACCA /* ViewController.swift in Sources */,
				2B3D5D201F5154B10009ACCA /* TASubtractionPath.swift in Sources */,
				2B3D5D241F5155B60009ACCA /* UIImage+HPShowcase.swift in Sources */,
				2B3D5D221F5154C90009ACCA /* TAOverlayView.swift in Sources */,
				2B3D5CF01F5154200009ACCA /* AppDelegate.swift in Sources */,
			);
			runOnlyForDeploymentPostprocessing = 0;
		};
		2B3D5CFC1F5154200009ACCA /* Sources */ = {
			isa = PBXSourcesBuildPhase;
			buildActionMask = 2147483647;
			files = (
				2B3D5D051F5154200009ACCA /* HPShowCaseTests.swift in Sources */,
			);
			runOnlyForDeploymentPostprocessing = 0;
		};
		2B3D5D071F5154200009ACCA /* Sources */ = {
			isa = PBXSourcesBuildPhase;
			buildActionMask = 2147483647;
			files = (
				2B3D5D101F5154200009ACCA /* HPShowCaseUITests.swift in Sources */,
			);
			runOnlyForDeploymentPostprocessing = 0;
		};
/* End PBXSourcesBuildPhase section */

/* Begin PBXTargetDependency section */
		2B3D5D021F5154200009ACCA /* PBXTargetDependency */ = {
			isa = PBXTargetDependency;
			target = 2B3D5CEB1F5154200009ACCA /* HPShowCase */;
			targetProxy = 2B3D5D011F5154200009ACCA /* PBXContainerItemProxy */;
		};
		2B3D5D0D1F5154200009ACCA /* PBXTargetDependency */ = {
			isa = PBXTargetDependency;
			target = 2B3D5CEB1F5154200009ACCA /* HPShowCase */;
			targetProxy = 2B3D5D0C1F5154200009ACCA /* PBXContainerItemProxy */;
		};
/* End PBXTargetDependency section */

/* Begin PBXVariantGroup section */
		2B3D5CF31F5154200009ACCA /* Main.storyboard */ = {
			isa = PBXVariantGroup;
			children = (
				2B3D5CF41F5154200009ACCA /* Base */,
			);
			name = Main.storyboard;
			sourceTree = "<group>";
		};
		2B3D5CF81F5154200009ACCA /* LaunchScreen.storyboard */ = {
			isa = PBXVariantGroup;
			children = (
				2B3D5CF91F5154200009ACCA /* Base */,
			);
			name = LaunchScreen.storyboard;
			sourceTree = "<group>";
		};
/* End PBXVariantGroup section */

/* Begin XCBuildConfiguration section */
		2B3D5D121F5154210009ACCA /* Debug */ = {
			isa = XCBuildConfiguration;
			buildSettings = {
				ALWAYS_SEARCH_USER_PATHS = NO;
				CLANG_ANALYZER_NONNULL = YES;
				CLANG_CXX_LANGUAGE_STANDARD = "gnu++0x";
				CLANG_CXX_LIBRARY = "libc++";
				CLANG_ENABLE_MODULES = YES;
				CLANG_ENABLE_OBJC_ARC = YES;
				CLANG_WARN_BOOL_CONVERSION = YES;
				CLANG_WARN_CONSTANT_CONVERSION = YES;
				CLANG_WARN_DIRECT_OBJC_ISA_USAGE = YES_ERROR;
				CLANG_WARN_DOCUMENTATION_COMMENTS = YES;
				CLANG_WARN_EMPTY_BODY = YES;
				CLANG_WARN_ENUM_CONVERSION = YES;
				CLANG_WARN_INFINITE_RECURSION = YES;
				CLANG_WARN_INT_CONVERSION = YES;
				CLANG_WARN_OBJC_ROOT_CLASS = YES_ERROR;
				CLANG_WARN_SUSPICIOUS_MOVE = YES;
				CLANG_WARN_UNREACHABLE_CODE = YES;
				CLANG_WARN__DUPLICATE_METHOD_MATCH = YES;
				"CODE_SIGN_IDENTITY[sdk=iphoneos*]" = "iPhone Developer";
				COPY_PHASE_STRIP = NO;
				DEBUG_INFORMATION_FORMAT = dwarf;
				ENABLE_STRICT_OBJC_MSGSEND = YES;
				ENABLE_TESTABILITY = YES;
				GCC_C_LANGUAGE_STANDARD = gnu99;
				GCC_DYNAMIC_NO_PIC = NO;
				GCC_NO_COMMON_BLOCKS = YES;
				GCC_OPTIMIZATION_LEVEL = 0;
				GCC_PREPROCESSOR_DEFINITIONS = (
					"DEBUG=1",
					"$(inherited)",
				);
				GCC_WARN_64_TO_32_BIT_CONVERSION = YES;
				GCC_WARN_ABOUT_RETURN_TYPE = YES_ERROR;
				GCC_WARN_UNDECLARED_SELECTOR = YES;
				GCC_WARN_UNINITIALIZED_AUTOS = YES_AGGRESSIVE;
				GCC_WARN_UNUSED_FUNCTION = YES;
				GCC_WARN_UNUSED_VARIABLE = YES;
				IPHONEOS_DEPLOYMENT_TARGET = 10.2;
				MTL_ENABLE_DEBUG_INFO = YES;
				ONLY_ACTIVE_ARCH = YES;
				SDKROOT = iphoneos;
				SWIFT_ACTIVE_COMPILATION_CONDITIONS = DEBUG;
				SWIFT_OPTIMIZATION_LEVEL = "-Onone";
				TARGETED_DEVICE_FAMILY = "1,2";
			};
			name = Debug;
		};
		2B3D5D131F5154210009ACCA /* Release */ = {
			isa = XCBuildConfiguration;
			buildSettings = {
				ALWAYS_SEARCH_USER_PATHS = NO;
				CLANG_ANALYZER_NONNULL = YES;
				CLANG_CXX_LANGUAGE_STANDARD = "gnu++0x";
				CLANG_CXX_LIBRARY = "libc++";
				CLANG_ENABLE_MODULES = YES;
				CLANG_ENABLE_OBJC_ARC = YES;
				CLANG_WARN_BOOL_CONVERSION = YES;
				CLANG_WARN_CONSTANT_CONVERSION = YES;
				CLANG_WARN_DIRECT_OBJC_ISA_USAGE = YES_ERROR;
				CLANG_WARN_DOCUMENTATION_COMMENTS = YES;
				CLANG_WARN_EMPTY_BODY = YES;
				CLANG_WARN_ENUM_CONVERSION = YES;
				CLANG_WARN_INFINITE_RECURSION = YES;
				CLANG_WARN_INT_CONVERSION = YES;
				CLANG_WARN_OBJC_ROOT_CLASS = YES_ERROR;
				CLANG_WARN_SUSPICIOUS_MOVE = YES;
				CLANG_WARN_UNREACHABLE_CODE = YES;
				CLANG_WARN__DUPLICATE_METHOD_MATCH = YES;
				"CODE_SIGN_IDENTITY[sdk=iphoneos*]" = "iPhone Developer";
				COPY_PHASE_STRIP = NO;
				DEBUG_INFORMATION_FORMAT = "dwarf-with-dsym";
				ENABLE_NS_ASSERTIONS = NO;
				ENABLE_STRICT_OBJC_MSGSEND = YES;
				GCC_C_LANGUAGE_STANDARD = gnu99;
				GCC_NO_COMMON_BLOCKS = YES;
				GCC_WARN_64_TO_32_BIT_CONVERSION = YES;
				GCC_WARN_ABOUT_RETURN_TYPE = YES_ERROR;
				GCC_WARN_UNDECLARED_SELECTOR = YES;
				GCC_WARN_UNINITIALIZED_AUTOS = YES_AGGRESSIVE;
				GCC_WARN_UNUSED_FUNCTION = YES;
				GCC_WARN_UNUSED_VARIABLE = YES;
				IPHONEOS_DEPLOYMENT_TARGET = 10.2;
				MTL_ENABLE_DEBUG_INFO = NO;
				SDKROOT = iphoneos;
				SWIFT_OPTIMIZATION_LEVEL = "-Owholemodule";
				TARGETED_DEVICE_FAMILY = "1,2";
				VALIDATE_PRODUCT = YES;
			};
			name = Release;
		};
		2B3D5D151F5154210009ACCA /* Debug */ = {
			isa = XCBuildConfiguration;
			buildSettings = {
				ASSETCATALOG_COMPILER_APPICON_NAME = AppIcon;
				DEVELOPMENT_TEAM = 5VNM7EX62C;
				INFOPLIST_FILE = HPShowCase/Info.plist;
				LD_RUNPATH_SEARCH_PATHS = "$(inherited) @executable_path/Frameworks";
				PRODUCT_BUNDLE_IDENTIFIER = xyz.app.HPShowCase;
				PRODUCT_NAME = "$(TARGET_NAME)";
				SWIFT_VERSION = 3.0;
			};
			name = Debug;
		};
		2B3D5D161F5154210009ACCA /* Release */ = {
			isa = XCBuildConfiguration;
			buildSettings = {
				ASSETCATALOG_COMPILER_APPICON_NAME = AppIcon;
				DEVELOPMENT_TEAM = 5VNM7EX62C;
				INFOPLIST_FILE = HPShowCase/Info.plist;
				LD_RUNPATH_SEARCH_PATHS = "$(inherited) @executable_path/Frameworks";
				PRODUCT_BUNDLE_IDENTIFIER = xyz.app.HPShowCase;
				PRODUCT_NAME = "$(TARGET_NAME)";
				SWIFT_VERSION = 3.0;
			};
			name = Release;
		};
		2B3D5D181F5154210009ACCA /* Debug */ = {
			isa = XCBuildConfiguration;
			buildSettings = {
				ALWAYS_EMBED_SWIFT_STANDARD_LIBRARIES = YES;
				BUNDLE_LOADER = "$(TEST_HOST)";
				DEVELOPMENT_TEAM = 5VNM7EX62C;
				INFOPLIST_FILE = HPShowCaseTests/Info.plist;
				LD_RUNPATH_SEARCH_PATHS = "$(inherited) @executable_path/Frameworks @loader_path/Frameworks";
				PRODUCT_BUNDLE_IDENTIFIER = xyz.app.HPShowCaseTests;
				PRODUCT_NAME = "$(TARGET_NAME)";
				SWIFT_VERSION = 3.0;
				TEST_HOST = "$(BUILT_PRODUCTS_DIR)/HPShowCase.app/HPShowCase";
			};
			name = Debug;
		};
		2B3D5D191F5154210009ACCA /* Release */ = {
			isa = XCBuildConfiguration;
			buildSettings = {
				ALWAYS_EMBED_SWIFT_STANDARD_LIBRARIES = YES;
				BUNDLE_LOADER = "$(TEST_HOST)";
				DEVELOPMENT_TEAM = 5VNM7EX62C;
				INFOPLIST_FILE = HPShowCaseTests/Info.plist;
				LD_RUNPATH_SEARCH_PATHS = "$(inherited) @executable_path/Frameworks @loader_path/Frameworks";
				PRODUCT_BUNDLE_IDENTIFIER = xyz.app.HPShowCaseTests;
				PRODUCT_NAME = "$(TARGET_NAME)";
				SWIFT_VERSION = 3.0;
				TEST_HOST = "$(BUILT_PRODUCTS_DIR)/HPShowCase.app/HPShowCase";
			};
			name = Release;
		};
		2B3D5D1B1F5154210009ACCA /* Debug */ = {
			isa = XCBuildConfiguration;
			buildSettings = {
				ALWAYS_EMBED_SWIFT_STANDARD_LIBRARIES = YES;
				DEVELOPMENT_TEAM = 5VNM7EX62C;
				INFOPLIST_FILE = HPShowCaseUITests/Info.plist;
				LD_RUNPATH_SEARCH_PATHS = "$(inherited) @executable_path/Frameworks @loader_path/Frameworks";
				PRODUCT_BUNDLE_IDENTIFIER = xyz.app.HPShowCaseUITests;
				PRODUCT_NAME = "$(TARGET_NAME)";
				SWIFT_VERSION = 3.0;
				TEST_TARGET_NAME = HPShowCase;
			};
			name = Debug;
		};
		2B3D5D1C1F5154210009ACCA /* Release */ = {
			isa = XCBuildConfiguration;
			buildSettings = {
				ALWAYS_EMBED_SWIFT_STANDARD_LIBRARIES = YES;
				DEVELOPMENT_TEAM = 5VNM7EX62C;
				INFOPLIST_FILE = HPShowCaseUITests/Info.plist;
				LD_RUNPATH_SEARCH_PATHS = "$(inherited) @executable_path/Frameworks @loader_path/Frameworks";
				PRODUCT_BUNDLE_IDENTIFIER = xyz.app.HPShowCaseUITests;
				PRODUCT_NAME = "$(TARGET_NAME)";
				SWIFT_VERSION = 3.0;
				TEST_TARGET_NAME = HPShowCase;
			};
			name = Release;
		};
/* End XCBuildConfiguration section */

/* Begin XCConfigurationList section */
		2B3D5CE71F5154200009ACCA /* Build configuration list for PBXProject "HPShowCase" */ = {
			isa = XCConfigurationList;
			buildConfigurations = (
				2B3D5D121F5154210009ACCA /* Debug */,
				2B3D5D131F5154210009ACCA /* Release */,
			);
			defaultConfigurationIsVisible = 0;
			defaultConfigurationName = Release;
		};
		2B3D5D141F5154210009ACCA /* Build configuration list for PBXNativeTarget "HPShowCase" */ = {
			isa = XCConfigurationList;
			buildConfigurations = (
				2B3D5D151F5154210009ACCA /* Debug */,
				2B3D5D161F5154210009ACCA /* Release */,
			);
			defaultConfigurationIsVisible = 0;
		};
		2B3D5D171F5154210009ACCA /* Build configuration list for PBXNativeTarget "HPShowCaseTests" */ = {
			isa = XCConfigurationList;
			buildConfigurations = (
				2B3D5D181F5154210009ACCA /* Debug */,
				2B3D5D191F5154210009ACCA /* Release */,
			);
			defaultConfigurationIsVisible = 0;
		};
		2B3D5D1A1F5154210009ACCA /* Build configuration list for PBXNativeTarget "HPShowCaseUITests" */ = {
			isa = XCConfigurationList;
			buildConfigurations = (
				2B3D5D1B1F5154210009ACCA /* Debug */,
				2B3D5D1C1F5154210009ACCA /* Release */,
			);
			defaultConfigurationIsVisible = 0;
		};
/* End XCConfigurationList section */
	};
	rootObject = 2B3D5CE41F5154200009ACCA /* Project object */;
}
